
Microsoft Visual Studio Solution File, Format Version 12.00
# Visual Studio 15
VisualStudioVersion = 15.0.28307.757
MinimumVisualStudioVersion = 10.0.40219.1
Project("{9A19103F-16F7-4668-BE54-9A1E7A4F7556}") = "bookAPI", "bookAPI\bookAPI.csproj", "{DCED73CE-52A4-4D9B-A50C-162C6CE94238}"
EndProject
Project("{FAE04EC0-301F-11D3-BF4B-00C04F79EFBC}") = "bookAPIUnitTests", "bookAPIUnitTests\bookAPIUnitTests.csproj", "{771E3ACC-6FD1-4C96-A94A-6E2D5AA47A70}"
EndProject
Global
	GlobalSection(SolutionConfigurationPlatforms) = preSolution
		Debug|Any CPU = Debug|Any CPU
		Release|Any CPU = Release|Any CPU
	EndGlobalSection
	GlobalSection(ProjectConfigurationPlatforms) = postSolution
		{DCED73CE-52A4-4D9B-A50C-162C6CE94238}.Debug|Any CPU.ActiveCfg = Debug|Any CPU
		{DCED73CE-52A4-4D9B-A50C-162C6CE94238}.Debug|Any CPU.Build.0 = Debug|Any CPU
		{DCED73CE-52A4-4D9B-A50C-162C6CE94238}.Release|Any CPU.ActiveCfg = Release|Any CPU
		{DCED73CE-52A4-4D9B-A50C-162C6CE94238}.Release|Any CPU.Build.0 = Release|Any CPU
		{771E3ACC-6FD1-4C96-A94A-6E2D5AA47A70}.Debug|Any CPU.ActiveCfg = Debug|Any CPU
		{771E3ACC-6FD1-4C96-A94A-6E2D5AA47A70}.Debug|Any CPU.Build.0 = Debug|Any CPU
		{771E3ACC-6FD1-4C96-A94A-6E2D5AA47A70}.Release|Any CPU.ActiveCfg = Release|Any CPU
		{771E3ACC-6FD1-4C96-A94A-6E2D5AA47A70}.Release|Any CPU.Build.0 = Release|Any CPU
	EndGlobalSection
	GlobalSection(SolutionProperties) = preSolution
		HideSolutionNode = FALSE
	EndGlobalSection
	GlobalSection(ExtensibilityGlobals) = postSolution
		SolutionGuid = {717F1945-BB7C-47D9-A8F7-4BCDD6CC35F8}
	EndGlobalSection
EndGlobal
